{
  "name": "carrotsh",
  "version": "1.4.3",
  "lockfileVersion": 2,
  "requires": true,
  "packages": {
    "": {
      "name": "carrotsh",
      "version": "1.4.3",
      "license": "Unlicense",
      "dependencies": {
        "xterm": "latest",
        "xterm-addon-attach": "latest",
        "xterm-addon-fit": "latest"
      }
    },
    "node_modules/xterm": {
      "version": "5.1.0",
      "resolved": "https://registry.npmjs.org/xterm/-/xterm-5.1.0.tgz",
      "integrity": "sha512-LovENH4WDzpwynj+OTkLyZgJPeDom9Gra4DMlGAgz6pZhIDCQ+YuO7yfwanY+gVbn/mmZIStNOnVRU/ikQuAEQ=="
    },
    "node_modules/xterm-addon-attach": {
      "version": "0.8.0",
      "resolved": "https://registry.npmjs.org/xterm-addon-attach/-/xterm-addon-attach-0.8.0.tgz",
      "integrity": "sha512-k8N5boSYn6rMJTTNCgFpiSTZ26qnYJf3v/nJJYexNO2sdAHDN3m1ivVQWVZ8CHJKKnZQw1rc44YP2NtgalWHfQ==",
      "peerDependencies": {
        "xterm": "^5.0.0"
      }
    },
    "node_modules/xterm-addon-fit": {
      "version": "0.7.0",
      "resolved": "https://registry.npmjs.org/xterm-addon-fit/-/xterm-addon-fit-0.7.0.tgz",
      "integrity": "sha512-tQgHGoHqRTgeROPnvmtEJywLKoC/V9eNs4bLLz7iyJr1aW/QFzRwfd3MGiJ6odJd9xEfxcW36/xRU47JkD5NKQ==",
      "peerDependencies": {
        "xterm": "^5.0.0"
      }
    }
  },
  "dependencies": {
    "xterm": {
      "version": "5.1.0",
      "resolved": "https://registry.npmjs.org/xterm/-/xterm-5.1.0.tgz",
      "integrity": "sha512-LovENH4WDzpwynj+OTkLyZgJPeDom9Gra4DMlGAgz6pZhIDCQ+YuO7yfwanY+gVbn/mmZIStNOnVRU/ikQuAEQ=="
    },
    "xterm-addon-attach": {
      "version": "0.8.0",
      "resolved": "https://registry.npmjs.org/xterm-addon-attach/-/xterm-addon-attach-0.8.0.tgz",
      "integrity": "sha512-k8N5boSYn6rMJTTNCgFpiSTZ26qnYJf3v/nJJYexNO2sdAHDN3m1ivVQWVZ8CHJKKnZQw1rc44YP2NtgalWHfQ==",
      "requires": {}
    },
    "xterm-addon-fit": {
      "version": "0.7.0",
      "resolved": "https://registry.npmjs.org/xterm-addon-fit/-/xterm-addon-fit-0.7.0.tgz",
      "integrity": "sha512-tQgHGoHqRTgeROPnvmtEJywLKoC/V9eNs4bLLz7iyJr1aW/QFzRwfd3MGiJ6odJd9xEfxcW36/xRU47JkD5NKQ==",
      "requires": {}
    }
  }
}
